// !$*UTF8*$!
{
	archiveVersion = 1;
	classes = {
	};
	objectVersion = 50;
	objects = {

/* Begin PBXBuildFile section */
		964FAF5F23FF7DBE0039DBA3 /* AppDelegate.swift in Sources */ = {isa = PBXBuildFile; fileRef = 964FAF5E23FF7DBE0039DBA3 /* AppDelegate.swift */; };
		964FAF6123FF7DBE0039DBA3 /* SceneDelegate.swift in Sources */ = {isa = PBXBuildFile; fileRef = 964FAF6023FF7DBE0039DBA3 /* SceneDelegate.swift */; };
		964FAF6323FF7DBE0039DBA3 /* ViewController.swift in Sources */ = {isa = PBXBuildFile; fileRef = 964FAF6223FF7DBE0039DBA3 /* ViewController.swift */; };
		964FAF6623FF7DBE0039DBA3 /* Main.storyboard in Resources */ = {isa = PBXBuildFile; fileRef = 964FAF6423FF7DBE0039DBA3 /* Main.storyboard */; };
		964FAF6823FF7DC10039DBA3 /* Assets.xcassets in Resources */ = {isa = PBXBuildFile; fileRef = 964FAF6723FF7DC10039DBA3 /* Assets.xcassets */; };
		964FAF6B23FF7DC10039DBA3 /* LaunchScreen.storyboard in Resources */ = {isa = PBXBuildFile; fileRef = 964FAF6923FF7DC10039DBA3 /* LaunchScreen.storyboard */; };
		964FAF7623FF7DC20039DBA3 /* FlashcardsTests.swift in Sources */ = {isa = PBXBuildFile; fileRef = 964FAF7523FF7DC20039DBA3 /* FlashcardsTests.swift */; };
		964FAF8123FF7DC20039DBA3 /* FlashcardsUITests.swift in Sources */ = {isa = PBXBuildFile; fileRef = 964FAF8023FF7DC20039DBA3 /* FlashcardsUITests.swift */; };
/* End PBXBuildFile section */

/* Begin PBXContainerItemProxy section */
		964FAF7223FF7DC20039DBA3 /* PBXContainerItemProxy */ = {
			isa = PBXContainerItemProxy;
			containerPortal = 964FAF5323FF7DBE0039DBA3 /* Project object */;
			proxyType = 1;
			remoteGlobalIDString = 964FAF5A23FF7DBE0039DBA3;
			remoteInfo = Flashcards;
		};
		964FAF7D23FF7DC20039DBA3 /* PBXContainerItemProxy */ = {
			isa = PBXContainerItemProxy;
			containerPortal = 964FAF5323FF7DBE0039DBA3 /* Project object */;
			proxyType = 1;
			remoteGlobalIDString = 964FAF5A23FF7DBE0039DBA3;
			remoteInfo = Flashcards;
		};
/* End PBXContainerItemProxy section */

/* Begin PBXFileReference section */
		964FAF5B23FF7DBE0039DBA3 /* Flashcards.app */ = {isa = PBXFileReference; explicitFileType = wrapper.application; includeInIndex = 0; path = Flashcards.app; sourceTree = BUILT_PRODUCTS_DIR; };
		964FAF5E23FF7DBE0039DBA3 /* AppDelegate.swift */ = {isa = PBXFileReference; lastKnownFileType = sourcecode.swift; path = AppDelegate.swift; sourceTree = "<group>"; };
		964FAF6023FF7DBE0039DBA3 /* SceneDelegate.swift */ = {isa = PBXFileReference; lastKnownFileType = sourcecode.swift; path = SceneDelegate.swift; sourceTree = "<group>"; };
		964FAF6223FF7DBE0039DBA3 /* ViewController.swift */ = {isa = PBXFileReference; lastKnownFileType = sourcecode.swift; path = ViewController.swift; sourceTree = "<group>"; };
		964FAF6523FF7DBE0039DBA3 /* Base */ = {isa = PBXFileReference; lastKnownFileType = file.storyboard; name = Base; path = Base.lproj/Main.storyboard; sourceTree = "<group>"; };
		964FAF6723FF7DC10039DBA3 /* Assets.xcassets */ = {isa = PBXFileReference; lastKnownFileType = folder.assetcatalog; path = Assets.xcassets; sourceTree = "<group>"; };
		964FAF6A23FF7DC10039DBA3 /* Base */ = {isa = PBXFileReference; lastKnownFileType = file.storyboard; name = Base; path = Base.lproj/LaunchScreen.storyboard; sourceTree = "<group>"; };
		964FAF6C23FF7DC10039DBA3 /* Info.plist */ = {isa = PBXFileReference; lastKnownFileType = text.plist.xml; path = Info.plist; sourceTree = "<group>"; };
		964FAF7123FF7DC20039DBA3 /* FlashcardsTests.xctest */ = {isa = PBXFileReference; explicitFileType = wrapper.cfbundle; includeInIndex = 0; path = FlashcardsTests.xctest; sourceTree = BUILT_PRODUCTS_DIR; };
		964FAF7523FF7DC20039DBA3 /* FlashcardsTests.swift */ = {isa = PBXFileReference; lastKnownFileType = sourcecode.swift; path = FlashcardsTests.swift; sourceTree = "<group>"; };
		964FAF7723FF7DC20039DBA3 /* Info.plist */ = {isa = PBXFileReference; lastKnownFileType = text.plist.xml; path = Info.plist; sourceTree = "<group>"; };
		964FAF7C23FF7DC20039DBA3 /* FlashcardsUITests.xctest */ = {isa = PBXFileReference; explicitFileType = wrapper.cfbundle; includeInIndex = 0; path = FlashcardsUITests.xctest; sourceTree = BUILT_PRODUCTS_DIR; };
		964FAF8023FF7DC20039DBA3 /* FlashcardsUITests.swift */ = {isa = PBXFileReference; lastKnownFileType = sourcecode.swift; path = FlashcardsUITests.swift; sourceTree = "<group>"; };
		964FAF8223FF7DC20039DBA3 /* Info.plist */ = {isa = PBXFileReference; lastKnownFileType = text.plist.xml; path = Info.plist; sourceTree = "<group>"; };
/* End PBXFileReference section */

/* Begin PBXFrameworksBuildPhase section */
		964FAF5823FF7DBE0039DBA3 /* Frameworks */ = {
			isa = PBXFrameworksBuildPhase;
			buildActionMask = 2147483647;
			files = (
			);
			runOnlyForDeploymentPostprocessing = 0;
		};
		964FAF6E23FF7DC20039DBA3 /* Frameworks */ = {
			isa = PBXFrameworksBuildPhase;
			buildActionMask = 2147483647;
			files = (
			);
			runOnlyForDeploymentPostprocessing = 0;
		};
		964FAF7923FF7DC20039DBA3 /* Frameworks */ = {
			isa = PBXFrameworksBuildPhase;
			buildActionMask = 2147483647;
			files = (
			);
			runOnlyForDeploymentPostprocessing = 0;
		};
/* End PBXFrameworksBuildPhase section */

/* Begin PBXGroup section */
		964FAF5223FF7DBE0039DBA3 = {
			isa = PBXGroup;
			children = (
				964FAF5D23FF7DBE0039DBA3 /* Flashcards */,
				964FAF7423FF7DC20039DBA3 /* FlashcardsTests */,
				964FAF7F23FF7DC20039DBA3 /* FlashcardsUITests */,
				964FAF5C23FF7DBE0039DBA3 /* Products */,
			);
			sourceTree = "<group>";
		};
		964FAF5C23FF7DBE0039DBA3 /* Products */ = {
			isa = PBXGroup;
			children = (
				964FAF5B23FF7DBE0039DBA3 /* Flashcards.app */,
				964FAF7123FF7DC20039DBA3 /* FlashcardsTests.xctest */,
				964FAF7C23FF7DC20039DBA3 /* FlashcardsUITests.xctest */,
			);
			name = Products;
			sourceTree = "<group>";
		};
		964FAF5D23FF7DBE0039DBA3 /* Flashcards */ = {
			isa = PBXGroup;
			children = (
				964FAF5E23FF7DBE0039DBA3 /* AppDelegate.swift */,
				964FAF6023FF7DBE0039DBA3 /* SceneDelegate.swift */,
				964FAF6223FF7DBE0039DBA3 /* ViewController.swift */,
				964FAF6423FF7DBE0039DBA3 /* Main.storyboard */,
				964FAF6723FF7DC10039DBA3 /* Assets.xcassets */,
				964FAF6923FF7DC10039DBA3 /* LaunchScreen.storyboard */,
				964FAF6C23FF7DC10039DBA3 /* Info.plist */,
			);
			path = Flashcards;
			sourceTree = "<group>";
		};
		964FAF7423FF7DC20039DBA3 /* FlashcardsTests */ = {
			isa = PBXGroup;
			children = (
				964FAF7523FF7DC20039DBA3 /* FlashcardsTests.swift */,
				964FAF7723FF7DC20039DBA3 /* Info.plist */,
			);
			path = FlashcardsTests;
			sourceTree = "<group>";
		};
		964FAF7F23FF7DC20039DBA3 /* FlashcardsUITests */ = {
			isa = PBXGroup;
			children = (
				964FAF8023FF7DC20039DBA3 /* FlashcardsUITests.swift */,
				964FAF8223FF7DC20039DBA3 /* Info.plist */,
			);
			path = FlashcardsUITests;
			sourceTree = "<group>";
		};
/* End PBXGroup section */

/* Begin PBXNativeTarget section */
		964FAF5A23FF7DBE0039DBA3 /* Flashcards */ = {
			isa = PBXNativeTarget;
			buildConfigurationList = 964FAF8523FF7DC20039DBA3 /* Build configuration list for PBXNativeTarget "Flashcards" */;
			buildPhases = (
				964FAF5723FF7DBE0039DBA3 /* Sources */,
				964FAF5823FF7DBE0039DBA3 /* Frameworks */,
				964FAF5923FF7DBE0039DBA3 /* Resources */,
			);
			buildRules = (
			);
			dependencies = (
			);
			name = Flashcards;
			productName = Flashcards;
			productReference = 964FAF5B23FF7DBE0039DBA3 /* Flashcards.app */;
			productType = "com.apple.product-type.application";
		};
		964FAF7023FF7DC20039DBA3 /* FlashcardsTests */ = {
			isa = PBXNativeTarget;
			buildConfigurationList = 964FAF8823FF7DC20039DBA3 /* Build configuration list for PBXNativeTarget "FlashcardsTests" */;
			buildPhases = (
				964FAF6D23FF7DC20039DBA3 /* Sources */,
				964FAF6E23FF7DC20039DBA3 /* Frameworks */,
				964FAF6F23FF7DC20039DBA3 /* Resources */,
			);
			buildRules = (
			);
			dependencies = (
				964FAF7323FF7DC20039DBA3 /* PBXTargetDependency */,
			);
			name = FlashcardsTests;
			productName = FlashcardsTests;
			productReference = 964FAF7123FF7DC20039DBA3 /* FlashcardsTests.xctest */;
			productType = "com.apple.product-type.bundle.unit-test";
		};
		964FAF7B23FF7DC20039DBA3 /* FlashcardsUITests */ = {
			isa = PBXNativeTarget;
			buildConfigurationList = 964FAF8B23FF7DC20039DBA3 /* Build configuration list for PBXNativeTarget "FlashcardsUITests" */;
			buildPhases = (
				964FAF7823FF7DC20039DBA3 /* Sources */,
				964FAF7923FF7DC20039DBA3 /* Frameworks */,
				964FAF7A23FF7DC20039DBA3 /* Resources */,
			);
			buildRules = (
			);
			dependencies = (
				964FAF7E23FF7DC20039DBA3 /* PBXTargetDependency */,
			);
			name = FlashcardsUITests;
			productName = FlashcardsUITests;
			productReference = 964FAF7C23FF7DC20039DBA3 /* FlashcardsUITests.xctest */;
			productType = "com.apple.product-type.bundle.ui-testing";
		};
/* End PBXNativeTarget section */

/* Begin PBXProject section */
		964FAF5323FF7DBE0039DBA3 /* Project object */ = {
			isa = PBXProject;
			attributes = {
				LastSwiftUpdateCheck = 1110;
				LastUpgradeCheck = 1110;
				ORGANIZATIONNAME = codepath;
				TargetAttributes = {
					964FAF5A23FF7DBE0039DBA3 = {
						CreatedOnToolsVersion = 11.1;
					};
					964FAF7023FF7DC20039DBA3 = {
						CreatedOnToolsVersion = 11.1;
						TestTargetID = 964FAF5A23FF7DBE0039DBA3;
					};
					964FAF7B23FF7DC20039DBA3 = {
						CreatedOnToolsVersion = 11.1;
						TestTargetID = 964FAF5A23FF7DBE0039DBA3;
					};
				};
			};
			buildConfigurationList = 964FAF5623FF7DBE0039DBA3 /* Build configuration list for PBXProject "Flashcards" */;
			compatibilityVersion = "Xcode 9.3";
			developmentRegion = en;
			hasScannedForEncodings = 0;
			knownRegions = (
				en,
				Base,
			);
			mainGroup = 964FAF5223FF7DBE0039DBA3;
			productRefGroup = 964FAF5C23FF7DBE0039DBA3 /* Products */;
			projectDirPath = "";
			projectRoot = "";
			targets = (
				964FAF5A23FF7DBE0039DBA3 /* Flashcards */,
				964FAF7023FF7DC20039DBA3 /* FlashcardsTests */,
				964FAF7B23FF7DC20039DBA3 /* FlashcardsUITests */,
			);
		};
/* End PBXProject section */

/* Begin PBXResourcesBuildPhase section */
		964FAF5923FF7DBE0039DBA3 /* Resources */ = {
			isa = PBXResourcesBuildPhase;
			buildActionMask = 2147483647;
			files = (
				964FAF6B23FF7DC10039DBA3 /* LaunchScreen.storyboard in Resources */,
				964FAF6823FF7DC10039DBA3 /* Assets.xcassets in Resources */,
				964FAF6623FF7DBE0039DBA3 /* Main.storyboard in Resources */,
			);
			runOnlyForDeploymentPostprocessing = 0;
		};
		964FAF6F23FF7DC20039DBA3 /* Resources */ = {
			isa = PBXResourcesBuildPhase;
			buildActionMask = 2147483647;
			files = (
			);
			runOnlyForDeploymentPostprocessing = 0;
		};
		964FAF7A23FF7DC20039DBA3 /* Resources */ = {
			isa = PBXResourcesBuildPhase;
			buildActionMask = 2147483647;
			files = (
			);
			runOnlyForDeploymentPostprocessing = 0;
		};
/* End PBXResourcesBuildPhase section */

/* Begin PBXSourcesBuildPhase section */
		964FAF5723FF7DBE0039DBA3 /* Sources */ = {
			isa = PBXSourcesBuildPhase;
			buildActionMask = 2147483647;
			files = (
				964FAF6323FF7DBE0039DBA3 /* ViewController.swift in Sources */,
				964FAF5F23FF7DBE0039DBA3 /* AppDelegate.swift in Sources */,
				964FAF6123FF7DBE0039DBA3 /* SceneDelegate.swift in Sources */,
			);
			runOnlyForDeploymentPostprocessing = 0;
		};
		964FAF6D23FF7DC20039DBA3 /* Sources */ = {
			isa = PBXSourcesBuildPhase;
			buildActionMask = 2147483647;
			files = (
				964FAF7623FF7DC20039DBA3 /* FlashcardsTests.swift in Sources */,
			);
			runOnlyForDeploymentPostprocessing = 0;
		};
		964FAF7823FF7DC20039DBA3 /* Sources */ = {
			isa = PBXSourcesBuildPhase;
			buildActionMask = 2147483647;
			files = (
				964FAF8123FF7DC20039DBA3 /* FlashcardsUITests.swift in Sources */,
			);
			runOnlyForDeploymentPostprocessing = 0;
		};
/* End PBXSourcesBuildPhase section */

/* Begin PBXTargetDependency section */
		964FAF7323FF7DC20039DBA3 /* PBXTargetDependency */ = {
			isa = PBXTargetDependency;
			target = 964FAF5A23FF7DBE0039DBA3 /* Flashcards */;
			targetProxy = 964FAF7223FF7DC20039DBA3 /* PBXContainerItemProxy */;
		};
		964FAF7E23FF7DC20039DBA3 /* PBXTargetDependency */ = {
			isa = PBXTargetDependency;
			target = 964FAF5A23FF7DBE0039DBA3 /* Flashcards */;
			targetProxy = 964FAF7D23FF7DC20039DBA3 /* PBXContainerItemProxy */;
		};
/* End PBXTargetDependency section */

/* Begin PBXVariantGroup section */
		964FAF6423FF7DBE0039DBA3 /* Main.storyboard */ = {
			isa = PBXVariantGroup;
			children = (
				964FAF6523FF7DBE0039DBA3 /* Base */,
			);
			name = Main.storyboard;
			sourceTree = "<group>";
		};
		964FAF6923FF7DC10039DBA3 /* LaunchScreen.storyboard */ = {
			isa = PBXVariantGroup;
			children = (
				964FAF6A23FF7DC10039DBA3 /* Base */,
			);
			name = LaunchScreen.storyboard;
			sourceTree = "<group>";
		};
/* End PBXVariantGroup section */

/* Begin XCBuildConfiguration section */
		964FAF8323FF7DC20039DBA3 /* Debug */ = {
			isa = XCBuildConfiguration;
			buildSettings = {
				ALWAYS_SEARCH_USER_PATHS = NO;
				CLANG_ANALYZER_NONNULL = YES;
				CLANG_ANALYZER_NUMBER_OBJECT_CONVERSION = YES_AGGRESSIVE;
				CLANG_CXX_LANGUAGE_STANDARD = "gnu++14";
				CLANG_CXX_LIBRARY = "libc++";
				CLANG_ENABLE_MODULES = YES;
				CLANG_ENABLE_OBJC_ARC = YES;
				CLANG_ENABLE_OBJC_WEAK = YES;
				CLANG_WARN_BLOCK_CAPTURE_AUTORELEASING = YES;
				CLANG_WARN_BOOL_CONVERSION = YES;
				CLANG_WARN_COMMA = YES;
				CLANG_WARN_CONSTANT_CONVERSION = YES;
				CLANG_WARN_DEPRECATED_OBJC_IMPLEMENTATIONS = YES;
				CLANG_WARN_DIRECT_OBJC_ISA_USAGE = YES_ERROR;
				CLANG_WARN_DOCUMENTATION_COMMENTS = YES;
				CLANG_WARN_EMPTY_BODY = YES;
				CLANG_WARN_ENUM_CONVERSION = YES;
				CLANG_WARN_INFINITE_RECURSION = YES;
				CLANG_WARN_INT_CONVERSION = YES;
				CLANG_WARN_NON_LITERAL_NULL_CONVERSION = YES;
				CLANG_WARN_OBJC_IMPLICIT_RETAIN_SELF = YES;
				CLANG_WARN_OBJC_LITERAL_CONVERSION = YES;
				CLANG_WARN_OBJC_ROOT_CLASS = YES_ERROR;
				CLANG_WARN_RANGE_LOOP_ANALYSIS = YES;
				CLANG_WARN_STRICT_PROTOTYPES = YES;
				CLANG_WARN_SUSPICIOUS_MOVE = YES;
				CLANG_WARN_UNGUARDED_AVAILABILITY = YES_AGGRESSIVE;
				CLANG_WARN_UNREACHABLE_CODE = YES;
				CLANG_WARN__DUPLICATE_METHOD_MATCH = YES;
				COPY_PHASE_STRIP = NO;
				DEBUG_INFORMATION_FORMAT = dwarf;
				ENABLE_STRICT_OBJC_MSGSEND = YES;
				ENABLE_TESTABILITY = YES;
				GCC_C_LANGUAGE_STANDARD = gnu11;
				GCC_DYNAMIC_NO_PIC = NO;
				GCC_NO_COMMON_BLOCKS = YES;
				GCC_OPTIMIZATION_LEVEL = 0;
				GCC_PREPROCESSOR_DEFINITIONS = (
					"DEBUG=1",
					"$(inherited)",
				);
				GCC_WARN_64_TO_32_BIT_CONVERSION = YES;
				GCC_WARN_ABOUT_RETURN_TYPE = YES_ERROR;
				GCC_WARN_UNDECLARED_SELECTOR = YES;
				GCC_WARN_UNINITIALIZED_AUTOS = YES_AGGRESSIVE;
				GCC_WARN_UNUSED_FUNCTION = YES;
				GCC_WARN_UNUSED_VARIABLE = YES;
				IPHONEOS_DEPLOYMENT_TARGET = 13.1;
				MTL_ENABLE_DEBUG_INFO = INCLUDE_SOURCE;
				MTL_FAST_MATH = YES;
				ONLY_ACTIVE_ARCH = YES;
				SDKROOT = iphoneos;
				SWIFT_ACTIVE_COMPILATION_CONDITIONS = DEBUG;
				SWIFT_OPTIMIZATION_LEVEL = "-Onone";
			};
			name = Debug;
		};
		964FAF8423FF7DC20039DBA3 /* Release */ = {
			isa = XCBuildConfiguration;
			buildSettings = {
				ALWAYS_SEARCH_USER_PATHS = NO;
				CLANG_ANALYZER_NONNULL = YES;
				CLANG_ANALYZER_NUMBER_OBJECT_CONVERSION = YES_AGGRESSIVE;
				CLANG_CXX_LANGUAGE_STANDARD = "gnu++14";
				CLANG_CXX_LIBRARY = "libc++";
				CLANG_ENABLE_MODULES = YES;
				CLANG_ENABLE_OBJC_ARC = YES;
				CLANG_ENABLE_OBJC_WEAK = YES;
				CLANG_WARN_BLOCK_CAPTURE_AUTORELEASING = YES;
				CLANG_WARN_BOOL_CONVERSION = YES;
				CLANG_WARN_COMMA = YES;
				CLANG_WARN_CONSTANT_CONVERSION = YES;
				CLANG_WARN_DEPRECATED_OBJC_IMPLEMENTATIONS = YES;
				CLANG_WARN_DIRECT_OBJC_ISA_USAGE = YES_ERROR;
				CLANG_WARN_DOCUMENTATION_COMMENTS = YES;
				CLANG_WARN_EMPTY_BODY = YES;
				CLANG_WARN_ENUM_CONVERSION = YES;
				CLANG_WARN_INFINITE_RECURSION = YES;
				CLANG_WARN_INT_CONVERSION = YES;
				CLANG_WARN_NON_LITERAL_NULL_CONVERSION = YES;
				CLANG_WARN_OBJC_IMPLICIT_RETAIN_SELF = YES;
				CLANG_WARN_OBJC_LITERAL_CONVERSION = YES;
				CLANG_WARN_OBJC_ROOT_CLASS = YES_ERROR;
				CLANG_WARN_RANGE_LOOP_ANALYSIS = YES;
				CLANG_WARN_STRICT_PROTOTYPES = YES;
				CLANG_WARN_SUSPICIOUS_MOVE = YES;
				CLANG_WARN_UNGUARDED_AVAILABILITY = YES_AGGRESSIVE;
				CLANG_WARN_UNREACHABLE_CODE = YES;
				CLANG_WARN__DUPLICATE_METHOD_MATCH = YES;
				COPY_PHASE_STRIP = NO;
				DEBUG_INFORMATION_FORMAT = "dwarf-with-dsym";
				ENABLE_NS_ASSERTIONS = NO;
				ENABLE_STRICT_OBJC_MSGSEND = YES;
				GCC_C_LANGUAGE_STANDARD = gnu11;
				GCC_NO_COMMON_BLOCKS = YES;
				GCC_WARN_64_TO_32_BIT_CONVERSION = YES;
				GCC_WARN_ABOUT_RETURN_TYPE = YES_ERROR;
				GCC_WARN_UNDECLARED_SELECTOR = YES;
				GCC_WARN_UNINITIALIZED_AUTOS = YES_AGGRESSIVE;
				GCC_WARN_UNUSED_FUNCTION = YES;
				GCC_WARN_UNUSED_VARIABLE = YES;
				IPHONEOS_DEPLOYMENT_TARGET = 13.1;
				MTL_ENABLE_DEBUG_INFO = NO;
				MTL_FAST_MATH = YES;
				SDKROOT = iphoneos;
				SWIFT_COMPILATION_MODE = wholemodule;
				SWIFT_OPTIMIZATION_LEVEL = "-O";
				VALIDATE_PRODUCT = YES;
			};
			name = Release;
		};
		964FAF8623FF7DC20039DBA3 /* Debug */ = {
			isa = XCBuildConfiguration;
			buildSettings = {
				ASSETCATALOG_COMPILER_APPICON_NAME = AppIcon;
				CODE_SIGN_STYLE = Automatic;
				INFOPLIST_FILE = Flashcards/Info.plist;
				LD_RUNPATH_SEARCH_PATHS = (
					"$(inherited)",
					"@executable_path/Frameworks",
				);
				PRODUCT_BUNDLE_IDENTIFIER = com.codepath.Flashcards;
				PRODUCT_NAME = "$(TARGET_NAME)";
				SWIFT_VERSION = 5.0;
				TARGETED_DEVICE_FAMILY = "1,2";
			};
			name = Debug;
		};
		964FAF8723FF7DC20039DBA3 /* Release */ = {
			isa = XCBuildConfiguration;
			buildSettings = {
				ASSETCATALOG_COMPILER_APPICON_NAME = AppIcon;
				CODE_SIGN_STYLE = Automatic;
				INFOPLIST_FILE = Flashcards/Info.plist;
				LD_RUNPATH_SEARCH_PATHS = (
					"$(inherited)",
					"@executable_path/Frameworks",
				);
				PRODUCT_BUNDLE_IDENTIFIER = com.codepath.Flashcards;
				PRODUCT_NAME = "$(TARGET_NAME)";
				SWIFT_VERSION = 5.0;
				TARGETED_DEVICE_FAMILY = "1,2";
			};
			name = Release;
		};
		964FAF8923FF7DC20039DBA3 /* Debug */ = {
			isa = XCBuildConfiguration;
			buildSettings = {
				ALWAYS_EMBED_SWIFT_STANDARD_LIBRARIES = YES;
				BUNDLE_LOADER = "$(TEST_HOST)";
				CODE_SIGN_STYLE = Automatic;
				INFOPLIST_FILE = FlashcardsTests/Info.plist;
				IPHONEOS_DEPLOYMENT_TARGET = 13.1;
				LD_RUNPATH_SEARCH_PATHS = (
					"$(inherited)",
					"@executable_path/Frameworks",
					"@loader_path/Frameworks",
				);
				PRODUCT_BUNDLE_IDENTIFIER = com.codepath.FlashcardsTests;
				PRODUCT_NAME = "$(TARGET_NAME)";
				SWIFT_VERSION = 5.0;
				TARGETED_DEVICE_FAMILY = "1,2";
				TEST_HOST = "$(BUILT_PRODUCTS_DIR)/Flashcards.app/Flashcards";
			};
			name = Debug;
		};
		964FAF8A23FF7DC20039DBA3 /* Release */ = {
			isa = XCBuildConfiguration;
			buildSettings = {
				ALWAYS_EMBED_SWIFT_STANDARD_LIBRARIES = YES;
				BUNDLE_LOADER = "$(TEST_HOST)";
				CODE_SIGN_STYLE = Automatic;
				INFOPLIST_FILE = FlashcardsTests/Info.plist;
				IPHONEOS_DEPLOYMENT_TARGET = 13.1;
				LD_RUNPATH_SEARCH_PATHS = (
					"$(inherited)",
					"@executable_path/Frameworks",
					"@loader_path/Frameworks",
				);
				PRODUCT_BUNDLE_IDENTIFIER = com.codepath.FlashcardsTests;
				PRODUCT_NAME = "$(TARGET_NAME)";
				SWIFT_VERSION = 5.0;
				TARGETED_DEVICE_FAMILY = "1,2";
				TEST_HOST = "$(BUILT_PRODUCTS_DIR)/Flashcards.app/Flashcards";
			};
			name = Release;
		};
		964FAF8C23FF7DC20039DBA3 /* Debug */ = {
			isa = XCBuildConfiguration;
			buildSettings = {
				ALWAYS_EMBED_SWIFT_STANDARD_LIBRARIES = YES;
				CODE_SIGN_STYLE = Automatic;
				INFOPLIST_FILE = FlashcardsUITests/Info.plist;
				LD_RUNPATH_SEARCH_PATHS = (
					"$(inherited)",
					"@executable_path/Frameworks",
					"@loader_path/Frameworks",
				);
				PRODUCT_BUNDLE_IDENTIFIER = com.codepath.FlashcardsUITests;
				PRODUCT_NAME = "$(TARGET_NAME)";
				SWIFT_VERSION = 5.0;
				TARGETED_DEVICE_FAMILY = "1,2";
				TEST_TARGET_NAME = Flashcards;
			};
			name = Debug;
		};
		964FAF8D23FF7DC20039DBA3 /* Release */ = {
			isa = XCBuildConfiguration;
			buildSettings = {
				ALWAYS_EMBED_SWIFT_STANDARD_LIBRARIES = YES;
				CODE_SIGN_STYLE = Automatic;
				INFOPLIST_FILE = FlashcardsUITests/Info.plist;
				LD_RUNPATH_SEARCH_PATHS = (
					"$(inherited)",
					"@executable_path/Frameworks",
					"@loader_path/Frameworks",
				);
				PRODUCT_BUNDLE_IDENTIFIER = com.codepath.FlashcardsUITests;
				PRODUCT_NAME = "$(TARGET_NAME)";
				SWIFT_VERSION = 5.0;
				TARGETED_DEVICE_FAMILY = "1,2";
				TEST_TARGET_NAME = Flashcards;
			};
			name = Release;
		};
/* End XCBuildConfiguration section */

/* Begin XCConfigurationList section */
		964FAF5623FF7DBE0039DBA3 /* Build configuration list for PBXProject "Flashcards" */ = {
			isa = XCConfigurationList;
			buildConfigurations = (
				964FAF8323FF7DC20039DBA3 /* Debug */,
				964FAF8423FF7DC20039DBA3 /* Release */,
			);
			defaultConfigurationIsVisible = 0;
			defaultConfigurationName = Release;
		};
		964FAF8523FF7DC20039DBA3 /* Build configuration list for PBXNativeTarget "Flashcards" */ = {
			isa = XCConfigurationList;
			buildConfigurations = (
				964FAF8623FF7DC20039DBA3 /* Debug */,
				964FAF8723FF7DC20039DBA3 /* Release */,
			);
			defaultConfigurationIsVisible = 0;
			defaultConfigurationName = Release;
		};
		964FAF8823FF7DC20039DBA3 /* Build configuration list for PBXNativeTarget "FlashcardsTests" */ = {
			isa = XCConfigurationList;
			buildConfigurations = (
				964FAF8923FF7DC20039DBA3 /* Debug */,
				964FAF8A23FF7DC20039DBA3 /* Release */,
			);
			defaultConfigurationIsVisible = 0;
			defaultConfigurationName = Release;
		};
		964FAF8B23FF7DC20039DBA3 /* Build configuration list for PBXNativeTarget "FlashcardsUITests" */ = {
			isa = XCConfigurationList;
			buildConfigurations = (
				964FAF8C23FF7DC20039DBA3 /* Debug */,
				964FAF8D23FF7DC20039DBA3 /* Release */,
			);
			defaultConfigurationIsVisible = 0;
			defaultConfigurationName = Release;
		};
/* End XCConfigurationList section */
	};
	rootObject = 964FAF5323FF7DBE0039DBA3 /* Project object */;
}
